# This file is automatically @generated by Cargo.
# It is not intended for manual editing.
[[package]]
name = "cdt"
version = "0.1.0"
dependencies = [
 "geometry-predicates",
]

[[package]]
name = "geometry-predicates"
version = "0.3.0"
source = "registry+https://github.com/rust-lang/crates.io-index"
checksum = "8dba84198cf199c11b83f1cb9243eaeb70dc50b719d2835ebf34bf2481bca010"
